
Microsoft Visual Studio Solution File, Format Version 12.00
Project("{FAE04EC0-301F-11D3-BF4B-00C04F79EFBC}") = "VersenyMenedzsmentRendszer", "VersenyMenedzsmentRendszer\VersenyMenedzsmentRendszer.csproj", "{669BEFA7-D7B7-4007-BB69-F0BE26F6E462}"
EndProject
Global
	GlobalSection(SolutionConfigurationPlatforms) = preSolution
		Debug|Any CPU = Debug|Any CPU
		Release|Any CPU = Release|Any CPU
	EndGlobalSection
	GlobalSection(ProjectConfigurationPlatforms) = postSolution
		{669BEFA7-D7B7-4007-BB69-F0BE26F6E462}.Debug|Any CPU.ActiveCfg = Debug|Any CPU
		{669BEFA7-D7B7-4007-BB69-F0BE26F6E462}.Debug|Any CPU.Build.0 = Debug|Any CPU
		{669BEFA7-D7B7-4007-BB69-F0BE26F6E462}.Release|Any CPU.ActiveCfg = Release|Any CPU
		{669BEFA7-D7B7-4007-BB69-F0BE26F6E462}.Release|Any CPU.Build.0 = Release|Any CPU
	EndGlobalSection
EndGlobal
